// !$*UTF8*$!
{
	archiveVersion = 1;
	classes = {
	};
	objectVersion = 77;
	objects = {

/* Begin PBXBuildFile section */
		1F652E4E2FD2590A008EBBE5 /* AppDelegate.swift in Sources */ = {isa = PBXBuildFile; fileRef = 1F652E4D2FD2590A008EBBE5 /* AppDelegate.swift */; };
		1F652E502FD2590A008EBBE5 /* SceneDelegate.swift in Sources */ = {isa = PBXBuildFile; fileRef = 1F652E4F2FD2590A008EBBE5 /* SceneDelegate.swift */; };
		1F652E532FD2590A008EBBE5 /* LaunchScreen.storyboard in Resources */ = {isa = PBXBuildFile; fileRef = 1F652E512FD2590A008EBBE5 /* LaunchScreen.storyboard */; };
		1F652E562FD2590A008EBBE5 /* Main.storyboard in Resources */ = {isa = PBXBuildFile; fileRef = 1F652E542FD2590A008EBBE5 /* Main.storyboard */; };
		1F652E5F2FD2590A008EBBE5 /* AppDelegate.swift in Sources */ = {isa = PBXBuildFile; fileRef = 1F652E5E2FD2590A008EBBE5 /* AppDelegate.swift */; };
		1F652E622FD2590A008EBBE5 /* Main.storyboard in Resources */ = {isa = PBXBuildFile; fileRef = 1F652E602FD2590A008EBBE5 /* Main.storyboard */; };
		1F652E692FD2590A008EBBE5 /* EasyFill Extension.appex in Embed Foundation Extensions */ = {isa = PBXBuildFile; fileRef = 1F652E682FD2590A008EBBE5 /* EasyFill Extension.appex */; settings = {ATTRIBUTES = (RemoveHeadersOnCopy, ); }; };
		1F652E732FD2590A008EBBE5 /* EasyFill Extension.appex in Embed Foundation Extensions */ = {isa = PBXBuildFile; fileRef = 1F652E722FD2590A008EBBE5 /* EasyFill Extension.appex */; settings = {ATTRIBUTES = (RemoveHeadersOnCopy, ); }; };
		1F652E782FD2590A008EBBE5 /* Main.html in Resources */ = {isa = PBXBuildFile; fileRef = 1F652E3D2FD25909008EBBE5 /* Main.html */; };
		1F652E792FD2590A008EBBE5 /* Main.html in Resources */ = {isa = PBXBuildFile; fileRef = 1F652E3D2FD25909008EBBE5 /* Main.html */; };
		1F652E7A2FD2590A008EBBE5 /* Icon.png in Resources */ = {isa = PBXBuildFile; fileRef = 1F652E3F2FD25909008EBBE5 /* Icon.png */; };
		1F652E7B2FD2590A008EBBE5 /* Icon.png in Resources */ = {isa = PBXBuildFile; fileRef = 1F652E3F2FD25909008EBBE5 /* Icon.png */; };
		1F652E7C2FD2590A008EBBE5 /* Style.css in Resources */ = {isa = PBXBuildFile; fileRef = 1F652E402FD25909008EBBE5 /* Style.css */; };
		1F652E7D2FD2590A008EBBE5 /* Style.css in Resources */ = {isa = PBXBuildFile; fileRef = 1F652E402FD25909008EBBE5 /* Style.css */; };
		1F652E7E2FD2590A008EBBE5 /* Script.js in Resources */ = {isa = PBXBuildFile; fileRef = 1F652E412FD25909008EBBE5 /* Script.js */; };
		1F652E7F2FD2590A008EBBE5 /* Script.js in Resources */ = {isa = PBXBuildFile; fileRef = 1F652E412FD25909008EBBE5 /* Script.js */; };
		1F652E802FD2590A008EBBE5 /* ViewController.swift in Sources */ = {isa = PBXBuildFile; fileRef = 1F652E422FD25909008EBBE5 /* ViewController.swift */; };
		1F652E812FD2590A008EBBE5 /* ViewController.swift in Sources */ = {isa = PBXBuildFile; fileRef = 1F652E422FD25909008EBBE5 /* ViewController.swift */; };
		1F652E822FD2590A008EBBE5 /* Assets.xcassets in Resources */ = {isa = PBXBuildFile; fileRef = 1F652E432FD2590A008EBBE5 /* Assets.xcassets */; };
		1F652E832FD2590A008EBBE5 /* Assets.xcassets in Resources */ = {isa = PBXBuildFile; fileRef = 1F652E432FD2590A008EBBE5 /* Assets.xcassets */; };
		1F652E842FD2590A008EBBE5 /* SafariWebExtensionHandler.swift in Sources */ = {isa = PBXBuildFile; fileRef = 1F652E452FD2590A008EBBE5 /* SafariWebExtensionHandler.swift */; };
		1F652E852FD2590A008EBBE5 /* SafariWebExtensionHandler.swift in Sources */ = {isa = PBXBuildFile; fileRef = 1F652E452FD2590A008EBBE5 /* SafariWebExtensionHandler.swift */; };
		1F652EA32FD2590A008EBBE5 /* popup.js in Resources */ = {isa = PBXBuildFile; fileRef = 1F652E972FD2590A008EBBE5 /* popup.js */; };
		1F652EA42FD2590A008EBBE5 /* content.css in Resources */ = {isa = PBXBuildFile; fileRef = 1F652E982FD2590A008EBBE5 /* content.css */; };
		1F652EA52FD2590A008EBBE5 /* background.js in Resources */ = {isa = PBXBuildFile; fileRef = 1F652E992FD2590A008EBBE5 /* background.js */; };
		1F652EA62FD2590A008EBBE5 /* popup.html in Resources */ = {isa = PBXBuildFile; fileRef = 1F652E9A2FD2590A008EBBE5 /* popup.html */; };
		1F652EA72FD2590A008EBBE5 /* options.js in Resources */ = {isa = PBXBuildFile; fileRef = 1F652E9B2FD2590A008EBBE5 /* options.js */; };
		1F652EA82FD2590A008EBBE5 /* icons in Resources */ = {isa = PBXBuildFile; fileRef = 1F652E9C2FD2590A008EBBE5 /* icons */; };
		1F652EA92FD2590A008EBBE5 /* manifest.json in Resources */ = {isa = PBXBuildFile; fileRef = 1F652E9D2FD2590A008EBBE5 /* manifest.json */; };
		1F652EAA2FD2590A008EBBE5 /* lib in Resources */ = {isa = PBXBuildFile; fileRef = 1F652E9E2FD2590A008EBBE5 /* lib */; };
		1F652EAB2FD2590A008EBBE5 /* options.html in Resources */ = {isa = PBXBuildFile; fileRef = 1F652E9F2FD2590A008EBBE5 /* options.html */; };
		1F652EAC2FD2590A008EBBE5 /* popup.css in Resources */ = {isa = PBXBuildFile; fileRef = 1F652EA02FD2590A008EBBE5 /* popup.css */; };
		1F652EAD2FD2590A008EBBE5 /* content.js in Resources */ = {isa = PBXBuildFile; fileRef = 1F652EA12FD2590A008EBBE5 /* content.js */; };
		1F652EAE2FD2590A008EBBE5 /* options.css in Resources */ = {isa = PBXBuildFile; fileRef = 1F652EA22FD2590A008EBBE5 /* options.css */; };
		1F652EAF2FD2590A008EBBE5 /* popup.js in Resources */ = {isa = PBXBuildFile; fileRef = 1F652E972FD2590A008EBBE5 /* popup.js */; };
		1F652EB02FD2590A008EBBE5 /* content.css in Resources */ = {isa = PBXBuildFile; fileRef = 1F652E982FD2590A008EBBE5 /* content.css */; };
		1F652EB12FD2590A008EBBE5 /* background.js in Resources */ = {isa = PBXBuildFile; fileRef = 1F652E992FD2590A008EBBE5 /* background.js */; };
		1F652EB22FD2590A008EBBE5 /* popup.html in Resources */ = {isa = PBXBuildFile; fileRef = 1F652E9A2FD2590A008EBBE5 /* popup.html */; };
		1F652EB32FD2590A008EBBE5 /* options.js in Resources */ = {isa = PBXBuildFile; fileRef = 1F652E9B2FD2590A008EBBE5 /* options.js */; };
		1F652EB42FD2590A008EBBE5 /* icons in Resources */ = {isa = PBXBuildFile; fileRef = 1F652E9C2FD2590A008EBBE5 /* icons */; };
		1F652EB52FD2590A008EBBE5 /* manifest.json in Resources */ = {isa = PBXBuildFile; fileRef = 1F652E9D2FD2590A008EBBE5 /* manifest.json */; };
		1F652EB62FD2590A008EBBE5 /* lib in Resources */ = {isa = PBXBuildFile; fileRef = 1F652E9E2FD2590A008EBBE5 /* lib */; };
		1F652EB72FD2590A008EBBE5 /* options.html in Resources */ = {isa = PBXBuildFile; fileRef = 1F652E9F2FD2590A008EBBE5 /* options.html */; };
		1F652EB82FD2590A008EBBE5 /* popup.css in Resources */ = {isa = PBXBuildFile; fileRef = 1F652EA02FD2590A008EBBE5 /* popup.css */; };
		1F652EB92FD2590A008EBBE5 /* content.js in Resources */ = {isa = PBXBuildFile; fileRef = 1F652EA12FD2590A008EBBE5 /* content.js */; };
		1F652EBA2FD2590A008EBBE5 /* options.css in Resources */ = {isa = PBXBuildFile; fileRef = 1F652EA22FD2590A008EBBE5 /* options.css */; };
/* End PBXBuildFile section */

/* Begin PBXContainerItemProxy section */
		1F652E6A2FD2590A008EBBE5 /* PBXContainerItemProxy */ = {
			isa = PBXContainerItemProxy;
			containerPortal = 1F652E372FD25909008EBBE5 /* Project object */;
			proxyType = 1;
			remoteGlobalIDString = 1F652E672FD2590A008EBBE5;
			remoteInfo = "EasyFill Extension (iOS)";
		};
		1F652E742FD2590A008EBBE5 /* PBXContainerItemProxy */ = {
			isa = PBXContainerItemProxy;
			containerPortal = 1F652E372FD25909008EBBE5 /* Project object */;
			proxyType = 1;
			remoteGlobalIDString = 1F652E712FD2590A008EBBE5;
			remoteInfo = "EasyFill Extension (macOS)";
		};
/* End PBXContainerItemProxy section */

/* Begin PBXCopyFilesBuildPhase section */
		1F652E8B2FD2590A008EBBE5 /* Embed Foundation Extensions */ = {
			isa = PBXCopyFilesBuildPhase;
			buildActionMask = 2147483647;
			dstPath = "";
			dstSubfolderSpec = 13;
			files = (
				1F652E692FD2590A008EBBE5 /* EasyFill Extension.appex in Embed Foundation Extensions */,
			);
			name = "Embed Foundation Extensions";
			runOnlyForDeploymentPostprocessing = 0;
		};
		1F652E922FD2590A008EBBE5 /* Embed Foundation Extensions */ = {
			isa = PBXCopyFilesBuildPhase;
			buildActionMask = 2147483647;
			dstPath = "";
			dstSubfolderSpec = 13;
			files = (
				1F652E732FD2590A008EBBE5 /* EasyFill Extension.appex in Embed Foundation Extensions */,
			);
			name = "Embed Foundation Extensions";
			runOnlyForDeploymentPostprocessing = 0;
		};
/* End PBXCopyFilesBuildPhase section */

/* Begin PBXFileReference section */
		1F652E3E2FD25909008EBBE5 /* Base */ = {isa = PBXFileReference; lastKnownFileType = text.html; name = Base; path = Base.lproj/Main.html; sourceTree = "<group>"; };
		1F652E3F2FD25909008EBBE5 /* Icon.png */ = {isa = PBXFileReference; lastKnownFileType = image.png; path = Icon.png; sourceTree = "<group>"; };
		1F652E402FD25909008EBBE5 /* Style.css */ = {isa = PBXFileReference; lastKnownFileType = text.css; path = Style.css; sourceTree = "<group>"; };
		1F652E412FD25909008EBBE5 /* Script.js */ = {isa = PBXFileReference; lastKnownFileType = sourcecode.javascript; path = Script.js; sourceTree = "<group>"; };
		1F652E422FD25909008EBBE5 /* ViewController.swift */ = {isa = PBXFileReference; lastKnownFileType = sourcecode.swift; path = ViewController.swift; sourceTree = "<group>"; };
		1F652E432FD2590A008EBBE5 /* Assets.xcassets */ = {isa = PBXFileReference; lastKnownFileType = folder.assetcatalog; path = Assets.xcassets; sourceTree = "<group>"; };
		1F652E452FD2590A008EBBE5 /* SafariWebExtensionHandler.swift */ = {isa = PBXFileReference; lastKnownFileType = sourcecode.swift; path = SafariWebExtensionHandler.swift; sourceTree = "<group>"; };
		1F652E4A2FD2590A008EBBE5 /* EasyFill.app */ = {isa = PBXFileReference; explicitFileType = wrapper.application; includeInIndex = 0; path = EasyFill.app; sourceTree = BUILT_PRODUCTS_DIR; };
		1F652E4D2FD2590A008EBBE5 /* AppDelegate.swift */ = {isa = PBXFileReference; lastKnownFileType = sourcecode.swift; path = AppDelegate.swift; sourceTree = "<group>"; };
		1F652E4F2FD2590A008EBBE5 /* SceneDelegate.swift */ = {isa = PBXFileReference; lastKnownFileType = sourcecode.swift; path = SceneDelegate.swift; sourceTree = "<group>"; };
		1F652E522FD2590A008EBBE5 /* Base */ = {isa = PBXFileReference; lastKnownFileType = file.storyboard; name = Base; path = Base.lproj/LaunchScreen.storyboard; sourceTree = "<group>"; };
		1F652E552FD2590A008EBBE5 /* Base */ = {isa = PBXFileReference; lastKnownFileType = file.storyboard; name = Base; path = Base.lproj/Main.storyboard; sourceTree = "<group>"; };
		1F652E572FD2590A008EBBE5 /* Info.plist */ = {isa = PBXFileReference; lastKnownFileType = text.plist.xml; path = Info.plist; sourceTree = "<group>"; };
		1F652E5C2FD2590A008EBBE5 /* EasyFill.app */ = {isa = PBXFileReference; explicitFileType = wrapper.application; includeInIndex = 0; path = EasyFill.app; sourceTree = BUILT_PRODUCTS_DIR; };
		1F652E5E2FD2590A008EBBE5 /* AppDelegate.swift */ = {isa = PBXFileReference; lastKnownFileType = sourcecode.swift; path = AppDelegate.swift; sourceTree = "<group>"; };
		1F652E612FD2590A008EBBE5 /* Base */ = {isa = PBXFileReference; lastKnownFileType = file.storyboard; name = Base; path = Base.lproj/Main.storyboard; sourceTree = "<group>"; };
		1F652E632FD2590A008EBBE5 /* Info.plist */ = {isa = PBXFileReference; lastKnownFileType = text.plist.xml; path = Info.plist; sourceTree = "<group>"; };
		1F652E682FD2590A008EBBE5 /* EasyFill Extension.appex */ = {isa = PBXFileReference; explicitFileType = "wrapper.app-extension"; includeInIndex = 0; path = "EasyFill Extension.appex"; sourceTree = BUILT_PRODUCTS_DIR; };
		1F652E6D2FD2590A008EBBE5 /* Info.plist */ = {isa = PBXFileReference; lastKnownFileType = text.plist.xml; path = Info.plist; sourceTree = "<group>"; };
		1F652E722FD2590A008EBBE5 /* EasyFill Extension.appex */ = {isa = PBXFileReference; explicitFileType = "wrapper.app-extension"; includeInIndex = 0; path = "EasyFill Extension.appex"; sourceTree = BUILT_PRODUCTS_DIR; };
		1F652E772FD2590A008EBBE5 /* Info.plist */ = {isa = PBXFileReference; lastKnownFileType = text.plist.xml; path = Info.plist; sourceTree = "<group>"; };
		1F652E972FD2590A008EBBE5 /* popup.js */ = {isa = PBXFileReference; lastKnownFileType = sourcecode.javascript; name = popup.js; path = ../../extension/popup.js; sourceTree = "<group>"; };
		1F652E982FD2590A008EBBE5 /* content.css */ = {isa = PBXFileReference; lastKnownFileType = text.css; name = content.css; path = ../../extension/content.css; sourceTree = "<group>"; };
		1F652E992FD2590A008EBBE5 /* background.js */ = {isa = PBXFileReference; lastKnownFileType = sourcecode.javascript; name = background.js; path = ../../extension/background.js; sourceTree = "<group>"; };
		1F652E9A2FD2590A008EBBE5 /* popup.html */ = {isa = PBXFileReference; lastKnownFileType = text.html; name = popup.html; path = ../../extension/popup.html; sourceTree = "<group>"; };
		1F652E9B2FD2590A008EBBE5 /* options.js */ = {isa = PBXFileReference; lastKnownFileType = sourcecode.javascript; name = options.js; path = ../../extension/options.js; sourceTree = "<group>"; };
		1F652E9C2FD2590A008EBBE5 /* icons */ = {isa = PBXFileReference; lastKnownFileType = folder; name = icons; path = ../../extension/icons; sourceTree = "<group>"; };
		1F652E9D2FD2590A008EBBE5 /* manifest.json */ = {isa = PBXFileReference; lastKnownFileType = text.json; name = manifest.json; path = ../../extension/manifest.json; sourceTree = "<group>"; };
		1F652E9E2FD2590A008EBBE5 /* lib */ = {isa = PBXFileReference; lastKnownFileType = folder; name = lib; path = ../../extension/lib; sourceTree = "<group>"; };
		1F652E9F2FD2590A008EBBE5 /* options.html */ = {isa = PBXFileReference; lastKnownFileType = text.html; name = options.html; path = ../../extension/options.html; sourceTree = "<group>"; };
		1F652EA02FD2590A008EBBE5 /* popup.css */ = {isa = PBXFileReference; lastKnownFileType = text.css; name = popup.css; path = ../../extension/popup.css; sourceTree = "<group>"; };
		1F652EA12FD2590A008EBBE5 /* content.js */ = {isa = PBXFileReference; lastKnownFileType = sourcecode.javascript; name = content.js; path = ../../extension/content.js; sourceTree = "<group>"; };
		1F652EA22FD2590A008EBBE5 /* options.css */ = {isa = PBXFileReference; lastKnownFileType = text.css; name = options.css; path = ../../extension/options.css; sourceTree = "<group>"; };
/* End PBXFileReference section */

/* Begin PBXFrameworksBuildPhase section */
		1F652E472FD2590A008EBBE5 /* Frameworks */ = {
			isa = PBXFrameworksBuildPhase;
			buildActionMask = 2147483647;
			files = (
			);
			runOnlyForDeploymentPostprocessing = 0;
		};
		1F652E592FD2590A008EBBE5 /* Frameworks */ = {
			isa = PBXFrameworksBuildPhase;
			buildActionMask = 2147483647;
			files = (
			);
			runOnlyForDeploymentPostprocessing = 0;
		};
		1F652E652FD2590A008EBBE5 /* Frameworks */ = {
			isa = PBXFrameworksBuildPhase;
			buildActionMask = 2147483647;
			files = (
			);
			runOnlyForDeploymentPostprocessing = 0;
		};
		1F652E6F2FD2590A008EBBE5 /* Frameworks */ = {
			isa = PBXFrameworksBuildPhase;
			buildActionMask = 2147483647;
			files = (
			);
			runOnlyForDeploymentPostprocessing = 0;
		};
/* End PBXFrameworksBuildPhase section */

/* Begin PBXGroup section */
		1F652E362FD25909008EBBE5 = {
			isa = PBXGroup;
			children = (
				1F652E3B2FD25909008EBBE5 /* Shared (App) */,
				1F652E442FD2590A008EBBE5 /* Shared (Extension) */,
				1F652E4C2FD2590A008EBBE5 /* iOS (App) */,
				1F652E5D2FD2590A008EBBE5 /* macOS (App) */,
				1F652E6C2FD2590A008EBBE5 /* iOS (Extension) */,
				1F652E762FD2590A008EBBE5 /* macOS (Extension) */,
				1F652E4B2FD2590A008EBBE5 /* Products */,
			);
			sourceTree = "<group>";
		};
		1F652E3B2FD25909008EBBE5 /* Shared (App) */ = {
			isa = PBXGroup;
			children = (
				1F652E422FD25909008EBBE5 /* ViewController.swift */,
				1F652E432FD2590A008EBBE5 /* Assets.xcassets */,
				1F652E3C2FD25909008EBBE5 /* Resources */,
			);
			path = "Shared (App)";
			sourceTree = "<group>";
		};
		1F652E3C2FD25909008EBBE5 /* Resources */ = {
			isa = PBXGroup;
			children = (
				1F652E3D2FD25909008EBBE5 /* Main.html */,
				1F652E3F2FD25909008EBBE5 /* Icon.png */,
				1F652E402FD25909008EBBE5 /* Style.css */,
				1F652E412FD25909008EBBE5 /* Script.js */,
			);
			path = Resources;
			sourceTree = "<group>";
		};
		1F652E442FD2590A008EBBE5 /* Shared (Extension) */ = {
			isa = PBXGroup;
			children = (
				1F652E962FD2590A008EBBE5 /* Resources */,
				1F652E452FD2590A008EBBE5 /* SafariWebExtensionHandler.swift */,
			);
			path = "Shared (Extension)";
			sourceTree = "<group>";
		};
		1F652E4B2FD2590A008EBBE5 /* Products */ = {
			isa = PBXGroup;
			children = (
				1F652E4A2FD2590A008EBBE5 /* EasyFill.app */,
				1F652E5C2FD2590A008EBBE5 /* EasyFill.app */,
				1F652E682FD2590A008EBBE5 /* EasyFill Extension.appex */,
				1F652E722FD2590A008EBBE5 /* EasyFill Extension.appex */,
			);
			name = Products;
			sourceTree = "<group>";
		};
		1F652E4C2FD2590A008EBBE5 /* iOS (App) */ = {
			isa = PBXGroup;
			children = (
				1F652E4D2FD2590A008EBBE5 /* AppDelegate.swift */,
				1F652E4F2FD2590A008EBBE5 /* SceneDelegate.swift */,
				1F652E512FD2590A008EBBE5 /* LaunchScreen.storyboard */,
				1F652E542FD2590A008EBBE5 /* Main.storyboard */,
				1F652E572FD2590A008EBBE5 /* Info.plist */,
			);
			path = "iOS (App)";
			sourceTree = "<group>";
		};
		1F652E5D2FD2590A008EBBE5 /* macOS (App) */ = {
			isa = PBXGroup;
			children = (
				1F652E5E2FD2590A008EBBE5 /* AppDelegate.swift */,
				1F652E602FD2590A008EBBE5 /* Main.storyboard */,
				1F652E632FD2590A008EBBE5 /* Info.plist */,
			);
			path = "macOS (App)";
			sourceTree = "<group>";
		};
		1F652E6C2FD2590A008EBBE5 /* iOS (Extension) */ = {
			isa = PBXGroup;
			children = (
				1F652E6D2FD2590A008EBBE5 /* Info.plist */,
			);
			path = "iOS (Extension)";
			sourceTree = "<group>";
		};
		1F652E762FD2590A008EBBE5 /* macOS (Extension) */ = {
			isa = PBXGroup;
			children = (
				1F652E772FD2590A008EBBE5 /* Info.plist */,
			);
			path = "macOS (Extension)";
			sourceTree = "<group>";
		};
		1F652E962FD2590A008EBBE5 /* Resources */ = {
			isa = PBXGroup;
			children = (
				1F652E972FD2590A008EBBE5 /* popup.js */,
				1F652E982FD2590A008EBBE5 /* content.css */,
				1F652E992FD2590A008EBBE5 /* background.js */,
				1F652E9A2FD2590A008EBBE5 /* popup.html */,
				1F652E9B2FD2590A008EBBE5 /* options.js */,
				1F652E9C2FD2590A008EBBE5 /* icons */,
				1F652E9D2FD2590A008EBBE5 /* manifest.json */,
				1F652E9E2FD2590A008EBBE5 /* lib */,
				1F652E9F2FD2590A008EBBE5 /* options.html */,
				1F652EA02FD2590A008EBBE5 /* popup.css */,
				1F652EA12FD2590A008EBBE5 /* content.js */,
				1F652EA22FD2590A008EBBE5 /* options.css */,
			);
			name = Resources;
			path = "Shared (Extension)";
			sourceTree = SOURCE_ROOT;
		};
/* End PBXGroup section */

/* Begin PBXNativeTarget section */
		1F652E492FD2590A008EBBE5 /* EasyFill (iOS) */ = {
			isa = PBXNativeTarget;
			buildConfigurationList = 1F652E8C2FD2590A008EBBE5 /* Build configuration list for PBXNativeTarget "EasyFill (iOS)" */;
			buildPhases = (
				1F652E462FD2590A008EBBE5 /* Sources */,
				1F652E472FD2590A008EBBE5 /* Frameworks */,
				1F652E482FD2590A008EBBE5 /* Resources */,
				1F652E8B2FD2590A008EBBE5 /* Embed Foundation Extensions */,
			);
			buildRules = (
			);
			dependencies = (
				1F652E6B2FD2590A008EBBE5 /* PBXTargetDependency */,
			);
			name = "EasyFill (iOS)";
			packageProductDependencies = (
			);
			productName = "EasyFill (iOS)";
			productReference = 1F652E4A2FD2590A008EBBE5 /* EasyFill.app */;
			productType = "com.apple.product-type.application";
		};
		1F652E5B2FD2590A008EBBE5 /* EasyFill (macOS) */ = {
			isa = PBXNativeTarget;
			buildConfigurationList = 1F652E932FD2590A008EBBE5 /* Build configuration list for PBXNativeTarget "EasyFill (macOS)" */;
			buildPhases = (
				1F652E582FD2590A008EBBE5 /* Sources */,
				1F652E592FD2590A008EBBE5 /* Frameworks */,
				1F652E5A2FD2590A008EBBE5 /* Resources */,
				1F652E922FD2590A008EBBE5 /* Embed Foundation Extensions */,
			);
			buildRules = (
			);
			dependencies = (
				1F652E752FD2590A008EBBE5 /* PBXTargetDependency */,
			);
			name = "EasyFill (macOS)";
			packageProductDependencies = (
			);
			productName = "EasyFill (macOS)";
			productReference = 1F652E5C2FD2590A008EBBE5 /* EasyFill.app */;
			productType = "com.apple.product-type.application";
		};
		1F652E672FD2590A008EBBE5 /* EasyFill Extension (iOS) */ = {
			isa = PBXNativeTarget;
			buildConfigurationList = 1F652E882FD2590A008EBBE5 /* Build configuration list for PBXNativeTarget "EasyFill Extension (iOS)" */;
			buildPhases = (
				1F652E642FD2590A008EBBE5 /* Sources */,
				1F652E652FD2590A008EBBE5 /* Frameworks */,
				1F652E662FD2590A008EBBE5 /* Resources */,
			);
			buildRules = (
			);
			dependencies = (
			);
			name = "EasyFill Extension (iOS)";
			packageProductDependencies = (
			);
			productName = "EasyFill Extension (iOS)";
			productReference = 1F652E682FD2590A008EBBE5 /* EasyFill Extension.appex */;
			productType = "com.apple.product-type.app-extension";
		};
		1F652E712FD2590A008EBBE5 /* EasyFill Extension (macOS) */ = {
			isa = PBXNativeTarget;
			buildConfigurationList = 1F652E8F2FD2590A008EBBE5 /* Build configuration list for PBXNativeTarget "EasyFill Extension (macOS)" */;
			buildPhases = (
				1F652E6E2FD2590A008EBBE5 /* Sources */,
				1F652E6F2FD2590A008EBBE5 /* Frameworks */,
				1F652E702FD2590A008EBBE5 /* Resources */,
			);
			buildRules = (
			);
			dependencies = (
			);
			name = "EasyFill Extension (macOS)";
			packageProductDependencies = (
			);
			productName = "EasyFill Extension (macOS)";
			productReference = 1F652E722FD2590A008EBBE5 /* EasyFill Extension.appex */;
			productType = "com.apple.product-type.app-extension";
		};
/* End PBXNativeTarget section */

/* Begin PBXProject section */
		1F652E372FD25909008EBBE5 /* Project object */ = {
			isa = PBXProject;
			attributes = {
				BuildIndependentTargetsInParallel = 1;
				LastSwiftUpdateCheck = 2650;
				LastUpgradeCheck = 2650;
				TargetAttributes = {
					1F652E492FD2590A008EBBE5 = {
						CreatedOnToolsVersion = 26.5;
					};
					1F652E5B2FD2590A008EBBE5 = {
						CreatedOnToolsVersion = 26.5;
					};
					1F652E672FD2590A008EBBE5 = {
						CreatedOnToolsVersion = 26.5;
					};
					1F652E712FD2590A008EBBE5 = {
						CreatedOnToolsVersion = 26.5;
					};
				};
			};
			buildConfigurationList = 1F652E3A2FD25909008EBBE5 /* Build configuration list for PBXProject "EasyFill" */;
			developmentRegion = en;
			hasScannedForEncodings = 0;
			knownRegions = (
				en,
				Base,
			);
			mainGroup = 1F652E362FD25909008EBBE5;
			minimizedProjectReferenceProxies = 1;
			preferredProjectObjectVersion = 77;
			productRefGroup = 1F652E4B2FD2590A008EBBE5 /* Products */;
			projectDirPath = "";
			projectRoot = "";
			targets = (
				1F652E492FD2590A008EBBE5 /* EasyFill (iOS) */,
				1F652E5B2FD2590A008EBBE5 /* EasyFill (macOS) */,
				1F652E672FD2590A008EBBE5 /* EasyFill Extension (iOS) */,
				1F652E712FD2590A008EBBE5 /* EasyFill Extension (macOS) */,
			);
		};
/* End PBXProject section */

/* Begin PBXResourcesBuildPhase section */
		1F652E482FD2590A008EBBE5 /* Resources */ = {
			isa = PBXResourcesBuildPhase;
			buildActionMask = 2147483647;
			files = (
				1F652E7A2FD2590A008EBBE5 /* Icon.png in Resources */,
				1F652E532FD2590A008EBBE5 /* LaunchScreen.storyboard in Resources */,
				1F652E782FD2590A008EBBE5 /* Main.html in Resources */,
				1F652E7E2FD2590A008EBBE5 /* Script.js in Resources */,
				1F652E822FD2590A008EBBE5 /* Assets.xcassets in Resources */,
				1F652E562FD2590A008EBBE5 /* Main.storyboard in Resources */,
				1F652E7C2FD2590A008EBBE5 /* Style.css in Resources */,
			);
			runOnlyForDeploymentPostprocessing = 0;
		};
		1F652E5A2FD2590A008EBBE5 /* Resources */ = {
			isa = PBXResourcesBuildPhase;
			buildActionMask = 2147483647;
			files = (
				1F652E7B2FD2590A008EBBE5 /* Icon.png in Resources */,
				1F652E7D2FD2590A008EBBE5 /* Style.css in Resources */,
				1F652E622FD2590A008EBBE5 /* Main.storyboard in Resources */,
				1F652E7F2FD2590A008EBBE5 /* Script.js in Resources */,
				1F652E832FD2590A008EBBE5 /* Assets.xcassets in Resources */,
				1F652E792FD2590A008EBBE5 /* Main.html in Resources */,
			);
			runOnlyForDeploymentPostprocessing = 0;
		};
		1F652E662FD2590A008EBBE5 /* Resources */ = {
			isa = PBXResourcesBuildPhase;
			buildActionMask = 2147483647;
			files = (
				1F652EB82FD2590A008EBBE5 /* popup.css in Resources */,
				1F652EB92FD2590A008EBBE5 /* content.js in Resources */,
				1F652EBA2FD2590A008EBBE5 /* options.css in Resources */,
				1F652EAF2FD2590A008EBBE5 /* popup.js in Resources */,
				1F652EB52FD2590A008EBBE5 /* manifest.json in Resources */,
				1F652EB62FD2590A008EBBE5 /* lib in Resources */,
				1F652EB22FD2590A008EBBE5 /* popup.html in Resources */,
				1F652EB12FD2590A008EBBE5 /* background.js in Resources */,
				1F652EB42FD2590A008EBBE5 /* icons in Resources */,
				1F652EB02FD2590A008EBBE5 /* content.css in Resources */,
				1F652EB32FD2590A008EBBE5 /* options.js in Resources */,
				1F652EB72FD2590A008EBBE5 /* options.html in Resources */,
			);
			runOnlyForDeploymentPostprocessing = 0;
		};
		1F652E702FD2590A008EBBE5 /* Resources */ = {
			isa = PBXResourcesBuildPhase;
			buildActionMask = 2147483647;
			files = (
				1F652EAC2FD2590A008EBBE5 /* popup.css in Resources */,
				1F652EAD2FD2590A008EBBE5 /* content.js in Resources */,
				1F652EAE2FD2590A008EBBE5 /* options.css in Resources */,
				1F652EA32FD2590A008EBBE5 /* popup.js in Resources */,
				1F652EA92FD2590A008EBBE5 /* manifest.json in Resources */,
				1F652EAA2FD2590A008EBBE5 /* lib in Resources */,
				1F652EA62FD2590A008EBBE5 /* popup.html in Resources */,
				1F652EA52FD2590A008EBBE5 /* background.js in Resources */,
				1F652EA82FD2590A008EBBE5 /* icons in Resources */,
				1F652EA42FD2590A008EBBE5 /* content.css in Resources */,
				1F652EA72FD2590A008EBBE5 /* options.js in Resources */,
				1F652EAB2FD2590A008EBBE5 /* options.html in Resources */,
			);
			runOnlyForDeploymentPostprocessing = 0;
		};
/* End PBXResourcesBuildPhase section */

/* Begin PBXSourcesBuildPhase section */
		1F652E462FD2590A008EBBE5 /* Sources */ = {
			isa = PBXSourcesBuildPhase;
			buildActionMask = 2147483647;
			files = (
				1F652E802FD2590A008EBBE5 /* ViewController.swift in Sources */,
				1F652E4E2FD2590A008EBBE5 /* AppDelegate.swift in Sources */,
				1F652E502FD2590A008EBBE5 /* SceneDelegate.swift in Sources */,
			);
			runOnlyForDeploymentPostprocessing = 0;
		};
		1F652E582FD2590A008EBBE5 /* Sources */ = {
			isa = PBXSourcesBuildPhase;
			buildActionMask = 2147483647;
			files = (
				1F652E812FD2590A008EBBE5 /* ViewController.swift in Sources */,
				1F652E5F2FD2590A008EBBE5 /* AppDelegate.swift in Sources */,
			);
			runOnlyForDeploymentPostprocessing = 0;
		};
		1F652E642FD2590A008EBBE5 /* Sources */ = {
			isa = PBXSourcesBuildPhase;
			buildActionMask = 2147483647;
			files = (
				1F652E842FD2590A008EBBE5 /* SafariWebExtensionHandler.swift in Sources */,
			);
			runOnlyForDeploymentPostprocessing = 0;
		};
		1F652E6E2FD2590A008EBBE5 /* Sources */ = {
			isa = PBXSourcesBuildPhase;
			buildActionMask = 2147483647;
			files = (
				1F652E852FD2590A008EBBE5 /* SafariWebExtensionHandler.swift in Sources */,
			);
			runOnlyForDeploymentPostprocessing = 0;
		};
/* End PBXSourcesBuildPhase section */

/* Begin PBXTargetDependency section */
		1F652E6B2FD2590A008EBBE5 /* PBXTargetDependency */ = {
			isa = PBXTargetDependency;
			target = 1F652E672FD2590A008EBBE5 /* EasyFill Extension (iOS) */;
			targetProxy = 1F652E6A2FD2590A008EBBE5 /* PBXContainerItemProxy */;
		};
		1F652E752FD2590A008EBBE5 /* PBXTargetDependency */ = {
			isa = PBXTargetDependency;
			target = 1F652E712FD2590A008EBBE5 /* EasyFill Extension (macOS) */;
			targetProxy = 1F652E742FD2590A008EBBE5 /* PBXContainerItemProxy */;
		};
/* End PBXTargetDependency section */

/* Begin PBXVariantGroup section */
		1F652E3D2FD25909008EBBE5 /* Main.html */ = {
			isa = PBXVariantGroup;
			children = (
				1F652E3E2FD25909008EBBE5 /* Base */,
			);
			name = Main.html;
			sourceTree = "<group>";
		};
		1F652E512FD2590A008EBBE5 /* LaunchScreen.storyboard */ = {
			isa = PBXVariantGroup;
			children = (
				1F652E522FD2590A008EBBE5 /* Base */,
			);
			name = LaunchScreen.storyboard;
			sourceTree = "<group>";
		};
		1F652E542FD2590A008EBBE5 /* Main.storyboard */ = {
			isa = PBXVariantGroup;
			children = (
				1F652E552FD2590A008EBBE5 /* Base */,
			);
			name = Main.storyboard;
			sourceTree = "<group>";
		};
		1F652E602FD2590A008EBBE5 /* Main.storyboard */ = {
			isa = PBXVariantGroup;
			children = (
				1F652E612FD2590A008EBBE5 /* Base */,
			);
			name = Main.storyboard;
			sourceTree = "<group>";
		};
/* End PBXVariantGroup section */

/* Begin XCBuildConfiguration section */
		1F652E862FD2590A008EBBE5 /* Debug */ = {
			isa = XCBuildConfiguration;
			buildSettings = {
				ALWAYS_SEARCH_USER_PATHS = NO;
				ASSETCATALOG_COMPILER_GENERATE_SWIFT_ASSET_SYMBOL_EXTENSIONS = YES;
				CLANG_ANALYZER_NONNULL = YES;
				CLANG_ANALYZER_NUMBER_OBJECT_CONVERSION = YES_AGGRESSIVE;
				CLANG_CXX_LANGUAGE_STANDARD = "gnu++20";
				CLANG_ENABLE_MODULES = YES;
				CLANG_ENABLE_OBJC_ARC = YES;
				CLANG_ENABLE_OBJC_WEAK = YES;
				CLANG_WARN_BLOCK_CAPTURE_AUTORELEASING = YES;
				CLANG_WARN_BOOL_CONVERSION = YES;
				CLANG_WARN_COMMA = YES;
				CLANG_WARN_CONSTANT_CONVERSION = YES;
				CLANG_WARN_DEPRECATED_OBJC_IMPLEMENTATIONS = YES;
				CLANG_WARN_DIRECT_OBJC_ISA_USAGE = YES_ERROR;
				CLANG_WARN_DOCUMENTATION_COMMENTS = YES;
				CLANG_WARN_EMPTY_BODY = YES;
				CLANG_WARN_ENUM_CONVERSION = YES;
				CLANG_WARN_INFINITE_RECURSION = YES;
				CLANG_WARN_INT_CONVERSION = YES;
				CLANG_WARN_NON_LITERAL_NULL_CONVERSION = YES;
				CLANG_WARN_OBJC_IMPLICIT_RETAIN_SELF = YES;
				CLANG_WARN_OBJC_LITERAL_CONVERSION = YES;
				CLANG_WARN_OBJC_ROOT_CLASS = YES_ERROR;
				CLANG_WARN_QUOTED_INCLUDE_IN_FRAMEWORK_HEADER = YES;
				CLANG_WARN_RANGE_LOOP_ANALYSIS = YES;
				CLANG_WARN_STRICT_PROTOTYPES = YES;
				CLANG_WARN_SUSPICIOUS_MOVE = YES;
				CLANG_WARN_UNGUARDED_AVAILABILITY = YES_AGGRESSIVE;
				CLANG_WARN_UNREACHABLE_CODE = YES;
				CLANG_WARN__DUPLICATE_METHOD_MATCH = YES;
				COPY_PHASE_STRIP = NO;
				DEBUG_INFORMATION_FORMAT = dwarf;
				ENABLE_STRICT_OBJC_MSGSEND = YES;
				ENABLE_TESTABILITY = YES;
				ENABLE_USER_SCRIPT_SANDBOXING = YES;
				GCC_C_LANGUAGE_STANDARD = gnu17;
				GCC_DYNAMIC_NO_PIC = NO;
				GCC_NO_COMMON_BLOCKS = YES;
				GCC_OPTIMIZATION_LEVEL = 0;
				GCC_PREPROCESSOR_DEFINITIONS = (
					"DEBUG=1",
					"$(inherited)",
				);
				GCC_WARN_64_TO_32_BIT_CONVERSION = YES;
				GCC_WARN_ABOUT_RETURN_TYPE = YES_ERROR;
				GCC_WARN_UNDECLARED_SELECTOR = YES;
				GCC_WARN_UNINITIALIZED_AUTOS = YES_AGGRESSIVE;
				GCC_WARN_UNUSED_FUNCTION = YES;
				GCC_WARN_UNUSED_VARIABLE = YES;
				LOCALIZATION_PREFERS_STRING_CATALOGS = YES;
				MTL_ENABLE_DEBUG_INFO = INCLUDE_SOURCE;
				MTL_FAST_MATH = YES;
				ONLY_ACTIVE_ARCH = YES;
				SWIFT_ACTIVE_COMPILATION_CONDITIONS = "DEBUG $(inherited)";
				SWIFT_OPTIMIZATION_LEVEL = "-Onone";
			};
			name = Debug;
		};
		1F652E872FD2590A008EBBE5 /* Release */ = {
			isa = XCBuildConfiguration;
			buildSettings = {
				ALWAYS_SEARCH_USER_PATHS = NO;
				ASSETCATALOG_COMPILER_GENERATE_SWIFT_ASSET_SYMBOL_EXTENSIONS = YES;
				CLANG_ANALYZER_NONNULL = YES;
				CLANG_ANALYZER_NUMBER_OBJECT_CONVERSION = YES_AGGRESSIVE;
				CLANG_CXX_LANGUAGE_STANDARD = "gnu++20";
				CLANG_ENABLE_MODULES = YES;
				CLANG_ENABLE_OBJC_ARC = YES;
				CLANG_ENABLE_OBJC_WEAK = YES;
				CLANG_WARN_BLOCK_CAPTURE_AUTORELEASING = YES;
				CLANG_WARN_BOOL_CONVERSION = YES;
				CLANG_WARN_COMMA = YES;
				CLANG_WARN_CONSTANT_CONVERSION = YES;
				CLANG_WARN_DEPRECATED_OBJC_IMPLEMENTATIONS = YES;
				CLANG_WARN_DIRECT_OBJC_ISA_USAGE = YES_ERROR;
				CLANG_WARN_DOCUMENTATION_COMMENTS = YES;
				CLANG_WARN_EMPTY_BODY = YES;
				CLANG_WARN_ENUM_CONVERSION = YES;
				CLANG_WARN_INFINITE_RECURSION = YES;
				CLANG_WARN_INT_CONVERSION = YES;
				CLANG_WARN_NON_LITERAL_NULL_CONVERSION = YES;
				CLANG_WARN_OBJC_IMPLICIT_RETAIN_SELF = YES;
				CLANG_WARN_OBJC_LITERAL_CONVERSION = YES;
				CLANG_WARN_OBJC_ROOT_CLASS = YES_ERROR;
				CLANG_WARN_QUOTED_INCLUDE_IN_FRAMEWORK_HEADER = YES;
				CLANG_WARN_RANGE_LOOP_ANALYSIS = YES;
				CLANG_WARN_STRICT_PROTOTYPES = YES;
				CLANG_WARN_SUSPICIOUS_MOVE = YES;
				CLANG_WARN_UNGUARDED_AVAILABILITY = YES_AGGRESSIVE;
				CLANG_WARN_UNREACHABLE_CODE = YES;
				CLANG_WARN__DUPLICATE_METHOD_MATCH = YES;
				COPY_PHASE_STRIP = NO;
				DEBUG_INFORMATION_FORMAT = "dwarf-with-dsym";
				ENABLE_NS_ASSERTIONS = NO;
				ENABLE_STRICT_OBJC_MSGSEND = YES;
				ENABLE_USER_SCRIPT_SANDBOXING = YES;
				GCC_C_LANGUAGE_STANDARD = gnu17;
				GCC_NO_COMMON_BLOCKS = YES;
				GCC_WARN_64_TO_32_BIT_CONVERSION = YES;
				GCC_WARN_ABOUT_RETURN_TYPE = YES_ERROR;
				GCC_WARN_UNDECLARED_SELECTOR = YES;
				GCC_WARN_UNINITIALIZED_AUTOS = YES_AGGRESSIVE;
				GCC_WARN_UNUSED_FUNCTION = YES;
				GCC_WARN_UNUSED_VARIABLE = YES;
				LOCALIZATION_PREFERS_STRING_CATALOGS = YES;
				MTL_ENABLE_DEBUG_INFO = NO;
				MTL_FAST_MATH = YES;
				SWIFT_COMPILATION_MODE = wholemodule;
			};
			name = Release;
		};
		1F652E892FD2590A008EBBE5 /* Debug */ = {
			isa = XCBuildConfiguration;
			buildSettings = {
				CODE_SIGN_STYLE = Automatic;
				CURRENT_PROJECT_VERSION = 1;
				GENERATE_INFOPLIST_FILE = YES;
				INFOPLIST_FILE = "iOS (Extension)/Info.plist";
				INFOPLIST_KEY_CFBundleDisplayName = "EasyFill Extension";
				INFOPLIST_KEY_NSHumanReadableCopyright = "";
				IPHONEOS_DEPLOYMENT_TARGET = 15.0;
				LD_RUNPATH_SEARCH_PATHS = (
					"$(inherited)",
					"@executable_path/Frameworks",
					"@executable_path/../../Frameworks",
				);
				MARKETING_VERSION = 1.0;
				OTHER_LDFLAGS = (
					"-framework",
					SafariServices,
				);
				PRODUCT_BUNDLE_IDENTIFIER = com.yourCompany.EasyFill.Extension;
				PRODUCT_NAME = "EasyFill Extension";
				SDKROOT = iphoneos;
				SKIP_INSTALL = YES;
				STRING_CATALOG_GENERATE_SYMBOLS = YES;
				SWIFT_APPROACHABLE_CONCURRENCY = YES;
				SWIFT_EMIT_LOC_STRINGS = YES;
				SWIFT_UPCOMING_FEATURE_MEMBER_IMPORT_VISIBILITY = YES;
				SWIFT_VERSION = 5.0;
				TARGETED_DEVICE_FAMILY = "1,2";
			};
			name = Debug;
		};
		1F652E8A2FD2590A008EBBE5 /* Release */ = {
			isa = XCBuildConfiguration;
			buildSettings = {
				CODE_SIGN_STYLE = Automatic;
				CURRENT_PROJECT_VERSION = 1;
				GENERATE_INFOPLIST_FILE = YES;
				INFOPLIST_FILE = "iOS (Extension)/Info.plist";
				INFOPLIST_KEY_CFBundleDisplayName = "EasyFill Extension";
				INFOPLIST_KEY_NSHumanReadableCopyright = "";
				IPHONEOS_DEPLOYMENT_TARGET = 15.0;
				LD_RUNPATH_SEARCH_PATHS = (
					"$(inherited)",
					"@executable_path/Frameworks",
					"@executable_path/../../Frameworks",
				);
				MARKETING_VERSION = 1.0;
				OTHER_LDFLAGS = (
					"-framework",
					SafariServices,
				);
				PRODUCT_BUNDLE_IDENTIFIER = com.yourCompany.EasyFill.Extension;
				PRODUCT_NAME = "EasyFill Extension";
				SDKROOT = iphoneos;
				SKIP_INSTALL = YES;
				STRING_CATALOG_GENERATE_SYMBOLS = YES;
				SWIFT_APPROACHABLE_CONCURRENCY = YES;
				SWIFT_EMIT_LOC_STRINGS = YES;
				SWIFT_UPCOMING_FEATURE_MEMBER_IMPORT_VISIBILITY = YES;
				SWIFT_VERSION = 5.0;
				TARGETED_DEVICE_FAMILY = "1,2";
				VALIDATE_PRODUCT = YES;
			};
			name = Release;
		};
		1F652E8D2FD2590A008EBBE5 /* Debug */ = {
			isa = XCBuildConfiguration;
			buildSettings = {
				ASSETCATALOG_COMPILER_APPICON_NAME = AppIcon;
				ASSETCATALOG_COMPILER_GLOBAL_ACCENT_COLOR_NAME = AccentColor;
				CODE_SIGN_STYLE = Automatic;
				CURRENT_PROJECT_VERSION = 1;
				GENERATE_INFOPLIST_FILE = YES;
				INFOPLIST_FILE = "iOS (App)/Info.plist";
				INFOPLIST_KEY_CFBundleDisplayName = EasyFill;
				INFOPLIST_KEY_UIApplicationSupportsIndirectInputEvents = YES;
				INFOPLIST_KEY_UILaunchStoryboardName = LaunchScreen;
				INFOPLIST_KEY_UIMainStoryboardFile = Main;
				INFOPLIST_KEY_UISupportedInterfaceOrientations = "UIInterfaceOrientationPortrait UIInterfaceOrientationLandscapeLeft UIInterfaceOrientationLandscapeRight";
				INFOPLIST_KEY_UISupportedInterfaceOrientations_iPad = "UIInterfaceOrientationPortrait UIInterfaceOrientationPortraitUpsideDown UIInterfaceOrientationLandscapeLeft UIInterfaceOrientationLandscapeRight";
				IPHONEOS_DEPLOYMENT_TARGET = 15.0;
				LD_RUNPATH_SEARCH_PATHS = (
					"$(inherited)",
					"@executable_path/Frameworks",
				);
				MARKETING_VERSION = 1.0;
				OTHER_LDFLAGS = (
					"-framework",
					SafariServices,
					"-framework",
					WebKit,
				);
				PRODUCT_BUNDLE_IDENTIFIER = com.yourCompany.EasyFill;
				PRODUCT_NAME = EasyFill;
				SDKROOT = iphoneos;
				STRING_CATALOG_GENERATE_SYMBOLS = YES;
				SWIFT_APPROACHABLE_CONCURRENCY = YES;
				SWIFT_DEFAULT_ACTOR_ISOLATION = MainActor;
				SWIFT_EMIT_LOC_STRINGS = YES;
				SWIFT_UPCOMING_FEATURE_MEMBER_IMPORT_VISIBILITY = YES;
				SWIFT_VERSION = 5.0;
				TARGETED_DEVICE_FAMILY = "1,2";
			};
			name = Debug;
		};
		1F652E8E2FD2590A008EBBE5 /* Release */ = {
			isa = XCBuildConfiguration;
			buildSettings = {
				ASSETCATALOG_COMPILER_APPICON_NAME = AppIcon;
				ASSETCATALOG_COMPILER_GLOBAL_ACCENT_COLOR_NAME = AccentColor;
				CODE_SIGN_STYLE = Automatic;
				CURRENT_PROJECT_VERSION = 1;
				GENERATE_INFOPLIST_FILE = YES;
				INFOPLIST_FILE = "iOS (App)/Info.plist";
				INFOPLIST_KEY_CFBundleDisplayName = EasyFill;
				INFOPLIST_KEY_UIApplicationSupportsIndirectInputEvents = YES;
				INFOPLIST_KEY_UILaunchStoryboardName = LaunchScreen;
				INFOPLIST_KEY_UIMainStoryboardFile = Main;
				INFOPLIST_KEY_UISupportedInterfaceOrientations = "UIInterfaceOrientationPortrait UIInterfaceOrientationLandscapeLeft UIInterfaceOrientationLandscapeRight";
				INFOPLIST_KEY_UISupportedInterfaceOrientations_iPad = "UIInterfaceOrientationPortrait UIInterfaceOrientationPortraitUpsideDown UIInterfaceOrientationLandscapeLeft UIInterfaceOrientationLandscapeRight";
				IPHONEOS_DEPLOYMENT_TARGET = 15.0;
				LD_RUNPATH_SEARCH_PATHS = (
					"$(inherited)",
					"@executable_path/Frameworks",
				);
				MARKETING_VERSION = 1.0;
				OTHER_LDFLAGS = (
					"-framework",
					SafariServices,
					"-framework",
					WebKit,
				);
				PRODUCT_BUNDLE_IDENTIFIER = com.yourCompany.EasyFill;
				PRODUCT_NAME = EasyFill;
				SDKROOT = iphoneos;
				STRING_CATALOG_GENERATE_SYMBOLS = YES;
				SWIFT_APPROACHABLE_CONCURRENCY = YES;
				SWIFT_DEFAULT_ACTOR_ISOLATION = MainActor;
				SWIFT_EMIT_LOC_STRINGS = YES;
				SWIFT_UPCOMING_FEATURE_MEMBER_IMPORT_VISIBILITY = YES;
				SWIFT_VERSION = 5.0;
				TARGETED_DEVICE_FAMILY = "1,2";
				VALIDATE_PRODUCT = YES;
			};
			name = Release;
		};
		1F652E902FD2590A008EBBE5 /* Debug */ = {
			isa = XCBuildConfiguration;
			buildSettings = {
				CODE_SIGN_STYLE = Automatic;
				CURRENT_PROJECT_VERSION = 1;
				ENABLE_APP_SANDBOX = YES;
				ENABLE_HARDENED_RUNTIME = YES;
				ENABLE_USER_SELECTED_FILES = readonly;
				GENERATE_INFOPLIST_FILE = YES;
				INFOPLIST_FILE = "macOS (Extension)/Info.plist";
				INFOPLIST_KEY_CFBundleDisplayName = "EasyFill Extension";
				INFOPLIST_KEY_NSHumanReadableCopyright = "";
				LD_RUNPATH_SEARCH_PATHS = (
					"$(inherited)",
					"@executable_path/../Frameworks",
					"@executable_path/../../../../Frameworks",
				);
				MACOSX_DEPLOYMENT_TARGET = 10.14;
				MARKETING_VERSION = 1.0;
				OTHER_LDFLAGS = (
					"-framework",
					SafariServices,
				);
				PRODUCT_BUNDLE_IDENTIFIER = com.yourCompany.EasyFill.Extension;
				PRODUCT_NAME = "EasyFill Extension";
				SDKROOT = macosx;
				SKIP_INSTALL = YES;
				STRING_CATALOG_GENERATE_SYMBOLS = YES;
				SWIFT_APPROACHABLE_CONCURRENCY = YES;
				SWIFT_EMIT_LOC_STRINGS = YES;
				SWIFT_UPCOMING_FEATURE_MEMBER_IMPORT_VISIBILITY = YES;
				SWIFT_VERSION = 5.0;
			};
			name = Debug;
		};
		1F652E912FD2590A008EBBE5 /* Release */ = {
			isa = XCBuildConfiguration;
			buildSettings = {
				CODE_SIGN_STYLE = Automatic;
				CURRENT_PROJECT_VERSION = 1;
				ENABLE_APP_SANDBOX = YES;
				ENABLE_HARDENED_RUNTIME = YES;
				ENABLE_USER_SELECTED_FILES = readonly;
				GENERATE_INFOPLIST_FILE = YES;
				INFOPLIST_FILE = "macOS (Extension)/Info.plist";
				INFOPLIST_KEY_CFBundleDisplayName = "EasyFill Extension";
				INFOPLIST_KEY_NSHumanReadableCopyright = "";
				LD_RUNPATH_SEARCH_PATHS = (
					"$(inherited)",
					"@executable_path/../Frameworks",
					"@executable_path/../../../../Frameworks",
				);
				MACOSX_DEPLOYMENT_TARGET = 10.14;
				MARKETING_VERSION = 1.0;
				OTHER_LDFLAGS = (
					"-framework",
					SafariServices,
				);
				PRODUCT_BUNDLE_IDENTIFIER = com.yourCompany.EasyFill.Extension;
				PRODUCT_NAME = "EasyFill Extension";
				SDKROOT = macosx;
				SKIP_INSTALL = YES;
				STRING_CATALOG_GENERATE_SYMBOLS = YES;
				SWIFT_APPROACHABLE_CONCURRENCY = YES;
				SWIFT_EMIT_LOC_STRINGS = YES;
				SWIFT_UPCOMING_FEATURE_MEMBER_IMPORT_VISIBILITY = YES;
				SWIFT_VERSION = 5.0;
			};
			name = Release;
		};
		1F652E942FD2590A008EBBE5 /* Debug */ = {
			isa = XCBuildConfiguration;
			buildSettings = {
				ASSETCATALOG_COMPILER_APPICON_NAME = AppIcon;
				ASSETCATALOG_COMPILER_GLOBAL_ACCENT_COLOR_NAME = AccentColor;
				CODE_SIGN_STYLE = Automatic;
				CURRENT_PROJECT_VERSION = 1;
				ENABLE_APP_SANDBOX = YES;
				ENABLE_HARDENED_RUNTIME = YES;
				ENABLE_OUTGOING_NETWORK_CONNECTIONS = YES;
				ENABLE_USER_SELECTED_FILES = readonly;
				GENERATE_INFOPLIST_FILE = YES;
				INFOPLIST_FILE = "macOS (App)/Info.plist";
				INFOPLIST_KEY_CFBundleDisplayName = EasyFill;
				INFOPLIST_KEY_NSMainStoryboardFile = Main;
				INFOPLIST_KEY_NSPrincipalClass = NSApplication;
				LD_RUNPATH_SEARCH_PATHS = (
					"$(inherited)",
					"@executable_path/../Frameworks",
				);
				MACOSX_DEPLOYMENT_TARGET = 10.14;
				MARKETING_VERSION = 1.0;
				OTHER_LDFLAGS = (
					"-framework",
					SafariServices,
					"-framework",
					WebKit,
				);
				PRODUCT_BUNDLE_IDENTIFIER = com.yourCompany.EasyFill;
				PRODUCT_NAME = EasyFill;
				REGISTER_APP_GROUPS = YES;
				SDKROOT = macosx;
				STRING_CATALOG_GENERATE_SYMBOLS = YES;
				SWIFT_APPROACHABLE_CONCURRENCY = YES;
				SWIFT_DEFAULT_ACTOR_ISOLATION = MainActor;
				SWIFT_EMIT_LOC_STRINGS = YES;
				SWIFT_UPCOMING_FEATURE_MEMBER_IMPORT_VISIBILITY = YES;
				SWIFT_VERSION = 5.0;
			};
			name = Debug;
		};
		1F652E952FD2590A008EBBE5 /* Release */ = {
			isa = XCBuildConfiguration;
			buildSettings = {
				ASSETCATALOG_COMPILER_APPICON_NAME = AppIcon;
				ASSETCATALOG_COMPILER_GLOBAL_ACCENT_COLOR_NAME = AccentColor;
				CODE_SIGN_STYLE = Automatic;
				CURRENT_PROJECT_VERSION = 1;
				ENABLE_APP_SANDBOX = YES;
				ENABLE_HARDENED_RUNTIME = YES;
				ENABLE_OUTGOING_NETWORK_CONNECTIONS = YES;
				ENABLE_USER_SELECTED_FILES = readonly;
				GENERATE_INFOPLIST_FILE = YES;
				INFOPLIST_FILE = "macOS (App)/Info.plist";
				INFOPLIST_KEY_CFBundleDisplayName = EasyFill;
				INFOPLIST_KEY_NSMainStoryboardFile = Main;
				INFOPLIST_KEY_NSPrincipalClass = NSApplication;
				LD_RUNPATH_SEARCH_PATHS = (
					"$(inherited)",
					"@executable_path/../Frameworks",
				);
				MACOSX_DEPLOYMENT_TARGET = 10.14;
				MARKETING_VERSION = 1.0;
				OTHER_LDFLAGS = (
					"-framework",
					SafariServices,
					"-framework",
					WebKit,
				);
				PRODUCT_BUNDLE_IDENTIFIER = com.yourCompany.EasyFill;
				PRODUCT_NAME = EasyFill;
				REGISTER_APP_GROUPS = YES;
				SDKROOT = macosx;
				STRING_CATALOG_GENERATE_SYMBOLS = YES;
				SWIFT_APPROACHABLE_CONCURRENCY = YES;
				SWIFT_DEFAULT_ACTOR_ISOLATION = MainActor;
				SWIFT_EMIT_LOC_STRINGS = YES;
				SWIFT_UPCOMING_FEATURE_MEMBER_IMPORT_VISIBILITY = YES;
				SWIFT_VERSION = 5.0;
			};
			name = Release;
		};
/* End XCBuildConfiguration section */

/* Begin XCConfigurationList section */
		1F652E3A2FD25909008EBBE5 /* Build configuration list for PBXProject "EasyFill" */ = {
			isa = XCConfigurationList;
			buildConfigurations = (
				1F652E862FD2590A008EBBE5 /* Debug */,
				1F652E872FD2590A008EBBE5 /* Release */,
			);
			defaultConfigurationIsVisible = 0;
			defaultConfigurationName = Release;
		};
		1F652E882FD2590A008EBBE5 /* Build configuration list for PBXNativeTarget "EasyFill Extension (iOS)" */ = {
			isa = XCConfigurationList;
			buildConfigurations = (
				1F652E892FD2590A008EBBE5 /* Debug */,
				1F652E8A2FD2590A008EBBE5 /* Release */,
			);
			defaultConfigurationIsVisible = 0;
			defaultConfigurationName = Release;
		};
		1F652E8C2FD2590A008EBBE5 /* Build configuration list for PBXNativeTarget "EasyFill (iOS)" */ = {
			isa = XCConfigurationList;
			buildConfigurations = (
				1F652E8D2FD2590A008EBBE5 /* Debug */,
				1F652E8E2FD2590A008EBBE5 /* Release */,
			);
			defaultConfigurationIsVisible = 0;
			defaultConfigurationName = Release;
		};
		1F652E8F2FD2590A008EBBE5 /* Build configuration list for PBXNativeTarget "EasyFill Extension (macOS)" */ = {
			isa = XCConfigurationList;
			buildConfigurations = (
				1F652E902FD2590A008EBBE5 /* Debug */,
				1F652E912FD2590A008EBBE5 /* Release */,
			);
			defaultConfigurationIsVisible = 0;
			defaultConfigurationName = Release;
		};
		1F652E932FD2590A008EBBE5 /* Build configuration list for PBXNativeTarget "EasyFill (macOS)" */ = {
			isa = XCConfigurationList;
			buildConfigurations = (
				1F652E942FD2590A008EBBE5 /* Debug */,
				1F652E952FD2590A008EBBE5 /* Release */,
			);
			defaultConfigurationIsVisible = 0;
			defaultConfigurationName = Release;
		};
/* End XCConfigurationList section */
	};
	rootObject = 1F652E372FD25909008EBBE5 /* Project object */;
}
